{
  "nodes": {
    "dmenu-enhanced": {
      "flake": false,
      "locked": {
        "lastModified": 1765368341,
        "narHash": "sha256-ktzGlgEIUkW6asQNHMp+aQs2mZ92i83KfuQqVsFGQlY=",
        "owner": "onur-ozkan",
        "repo": "dmenu-enhanced",
        "rev": "8af4894f35bc874ae84e3c523b7e87c2f1bfce6c",
        "type": "github"
      },
      "original": {
        "owner": "onur-ozkan",
        "repo": "dmenu-enhanced",
        "rev": "8af4894f35bc874ae84e3c523b7e87c2f1bfce6c",
        "type": "github"
      }
    },
    "dwm-enhanced": {
      "flake": false,
      "locked": {
        "lastModified": 1765376560,
        "narHash": "sha256-UdT7rpg/csj004QOGHurJxT2u6SLQamp1E4LMYrplhw=",
        "owner": "onur-ozkan",
        "repo": "dwm-enhanced",
        "rev": "b51dbdca37e02a9aa23eb352c54ee77820d497b9",
        "type": "github"
      },
      "original": {
        "owner": "onur-ozkan",
        "repo": "dwm-enhanced",
        "rev": "b51dbdca37e02a9aa23eb352c54ee77820d497b9",
        "type": "github"
      }
    },
    "dwmblocks-enhanced": {
      "flake": false,
      "locked": {
        "lastModified": 1696959874,
        "narHash": "sha256-pK4r9leMZWdEuTEwsx+T+cB+F0uC9Rwd5na/omjLpqs=",
        "owner": "onur-ozkan",
        "repo": "dwmblocks-enhanced",
        "rev": "04d53927255638ca2ea075ac41dc04c1c0d75305",
        "type": "github"
      },
      "original": {
        "owner": "onur-ozkan",
        "repo": "dwmblocks-enhanced",
        "rev": "04d53927255638ca2ea075ac41dc04c1c0d75305",
        "type": "github"
      }
    },
    "home-manager": {
      "inputs": {
        "nixpkgs": [
          "nixpkgs"
        ]
      },
      "locked": {
        "lastModified": 1765170903,
        "narHash": "sha256-O8VTGey1xxiRW+Fpb+Ps9zU7ShmxUA1a7cMTcENCVNg=",
        "owner": "nix-community",
        "repo": "home-manager",
        "rev": "20561be440a11ec57a89715480717baf19fe6343",
        "type": "github"
      },
      "original": {
        "owner": "nix-community",
        "ref": "release-25.11",
        "repo": "home-manager",
        "type": "github"
      }
    },
    "nixpkgs": {
      "locked": {
        "lastModified": 1764983851,
        "narHash": "sha256-y7RPKl/jJ/KAP/VKLMghMgXTlvNIJMHKskl8/Uuar7o=",
        "owner": "NixOS",
        "repo": "nixpkgs",
        "rev": "d9bc5c7dceb30d8d6fafa10aeb6aa8a48c218454",
        "type": "github"
      },
      "original": {
        "owner": "NixOS",
        "ref": "nixos-25.11",
        "repo": "nixpkgs",
        "type": "github"
      }
    },
    "root": {
      "inputs": {
        "dmenu-enhanced": "dmenu-enhanced",
        "dwm-enhanced": "dwm-enhanced",
        "dwmblocks-enhanced": "dwmblocks-enhanced",
        "home-manager": "home-manager",
        "nixpkgs": "nixpkgs",
        "sbs": "sbs",
        "slock-enhanced": "slock-enhanced",
        "st-enhanced": "st-enhanced"
      }
    },
    "sbs": {
      "flake": false,
      "locked": {
        "lastModified": 1693892200,
        "narHash": "sha256-OH31huDx/M75ShrvRTdA4fr1P1FYy41PvF6FxzMUPe0=",
        "owner": "onur-ozkan",
        "repo": "sbs",
        "rev": "2cf5b9838a2da25522f61d7b29448fda81dc0167",
        "type": "github"
      },
      "original": {
        "owner": "onur-ozkan",
        "repo": "sbs",
        "rev": "2cf5b9838a2da25522f61d7b29448fda81dc0167",
        "type": "github"
      }
    },
    "slock-enhanced": {
      "flake": false,
      "locked": {
        "lastModified": 1643753262,
        "narHash": "sha256-p2DzTfCkcAgKzylHXueeOZzwwTm++h8v/ZxR4072FB4=",
        "owner": "onur-ozkan",
        "repo": "slock-enhanced",
        "rev": "a340fb8f74c15c8d4f3586b5341c915485c615a4",
        "type": "github"
      },
      "original": {
        "owner": "onur-ozkan",
        "repo": "slock-enhanced",
        "rev": "a340fb8f74c15c8d4f3586b5341c915485c615a4",
        "type": "github"
      }
    },
    "st-enhanced": {
      "flake": false,
      "locked": {
        "lastModified": 1765368380,
        "narHash": "sha256-bCOb6t6P+64gDsVlAFmqJhrj1mrG4cle6ClKxgIFH5A=",
        "owner": "onur-ozkan",
        "repo": "st-enhanced",
        "rev": "87d3220955b5c21ffc9bee4d63f3362a5a6adb3f",
        "type": "github"
      },
      "original": {
        "owner": "onur-ozkan",
        "repo": "st-enhanced",
        "rev": "87d3220955b5c21ffc9bee4d63f3362a5a6adb3f",
        "type": "github"
      }
    }
  },
  "root": "root",
  "version": 7
}
